PODS:
  - ap_mediation_sdk (1.0.0):
    - ApiOSMediationSDK (~> 1.0.5)
    - Flutter
    - Google-Mobile-Ads-SDK (~> 11.13)
  - ApiOSMediationSDK (1.0.5):
    - Google-Mobile-Ads-SDK (~> 11.13)
  - Flutter (1.0.0)
  - Google-Mobile-Ads-SDK (11.13.0):
    - GoogleUserMessagingPlatform (>= 1.1)
  - GoogleUserMessagingPlatform (3.0.0)
  - integration_test (0.0.1):
    - Flutter

DEPENDENCIES:
  - ap_mediation_sdk (from `.symlinks/plugins/ap_mediation_sdk/ios`)
  - Flutter (from `Flutter`)
  - integration_test (from `.symlinks/plugins/integration_test/ios`)

SPEC REPOS:
  trunk:
    - ApiOSMediationSDK
    - Google-Mobile-Ads-SDK
    - GoogleUserMessagingPlatform

EXTERNAL SOURCES:
  ap_mediation_sdk:
    :path: ".symlinks/plugins/ap_mediation_sdk/ios"
  Flutter:
    :path: Flutter
  integration_test:
    :path: ".symlinks/plugins/integration_test/ios"

SPEC CHECKSUMS:
  ap_mediation_sdk: fcd16dbcad29f7f279d8b1223b26ac42ad776360
  ApiOSMediationSDK: 050d3946fd789a2647d52e99432d030fdc0d6040
  Flutter: e0871f40cf51350855a761d2e70bf5af5b9b5de7
  Google-Mobile-Ads-SDK: 14f57f2dc33532a24db288897e26494640810407
  GoogleUserMessagingPlatform: f8d0cdad3ca835406755d0a69aa634f00e76d576
  integration_test: 252f60fa39af5e17c3aa9899d35d908a0721b573

PODFILE CHECKSUM: 48dcb0b8871c05952a27d4944ffec05d8220ff83

COCOAPODS: 1.16.2
